{
  "name": "@wasmer/wasm-terminal",
  "version": "0.12.0",
  "lockfileVersion": 1,
  "requires": true,
  "dependencies": {
    "@wasmer/io-devices": {
      "version": "file:../io-devices"
    },
    "@wasmer/wasi": {
      "version": "file:../wasi",
      "requires": {
        "browser-process-hrtime": "^1.0.0",
        "buffer-es6": "^4.9.3",
        "path-browserify": "^1.0.0",
        "randomfill": "^1.0.4"
      },
      "dependencies": {
        "browser-process-hrtime": {
          "version": "1.0.0",
          "resolved": "https://registry.npmjs.org/browser-process-hrtime/-/browser-process-hrtime-1.0.0.tgz",
          "integrity": "sha512-9o5UecI3GhkpM6DrXr69PblIuWxPKk9Y0jHBRhdocZ2y7YECBFCsHm79Pr3OyR2AvjhDkabFJaDJMYRazHgsow=="
        },
        "buffer-es6": {
          "version": "4.9.3",
          "resolved": "https://registry.npmjs.org/buffer-es6/-/buffer-es6-4.9.3.tgz",
          "integrity": "sha512-Ibt+oXxhmeYJSsCkODPqNpPmyegefiD8rfutH1NYGhMZQhSp95Rz7haemgnJ6dxa6LT+JLLbtgOMORRluwKktw=="
        },
        "path-browserify": {
          "version": "1.0.1",
          "resolved": "https://registry.npmjs.org/path-browserify/-/path-browserify-1.0.1.tgz",
          "integrity": "sha512-b7uo2UCUOYZcnF/3ID0lulOJi/bafxa1xPe7ZPsammBSpjSWQkjNxlt635YGS2MiR9GjvuXCtz2emr3jbsz98g=="
        },
        "randombytes": {
          "version": "2.1.0",
          "resolved": "https://registry.npmjs.org/randombytes/-/randombytes-2.1.0.tgz",
          "integrity": "sha512-vYl3iOX+4CKUWuxGi9Ukhie6fsqXqS9FE2Zaic4tNFD2N2QQaXOMFbuKK4QmDHC0JO6B1Zp41J0LpT0oR68amQ==",
          "requires": {
            "safe-buffer": "^5.1.0"
          }
        },
        "randomfill": {
          "version": "1.0.4",
          "resolved": "https://registry.npmjs.org/randomfill/-/randomfill-1.0.4.tgz",
          "integrity": "sha512-87lcbR8+MhcWcUiQ+9e+Rwx8MyR2P7qnt15ynUlbm3TU/fjbgz4GsvfSUDTemtCCtVCqb4ZcEFlyPNTh9bBTLw==",
          "requires": {
            "randombytes": "^2.0.5",
            "safe-buffer": "^5.1.0"
          }
        },
        "safe-buffer": {
          "version": "5.2.1",
          "resolved": "https://registry.npmjs.org/safe-buffer/-/safe-buffer-5.2.1.tgz",
          "integrity": "sha512-rp3So07KcdmmKbGvgaNxQSJr7bGVSVk5S9Eq1F+ppbRo70+YeaDxkw5Dd8NPN+GD6bjnYm2VuPuCXmpuYvmCXQ=="
        }
      }
    },
    "@wasmer/wasmfs": {
      "version": "file:../wasmfs",
      "requires": {
        "memfs": "3.0.4",
        "pako": "^1.0.11",
        "tar-stream": "^2.1.0"
      },
      "dependencies": {
        "base64-js": {
          "version": "1.5.1",
          "resolved": "https://registry.npmjs.org/base64-js/-/base64-js-1.5.1.tgz",
          "integrity": "sha512-AKpaYlHn8t4SVbOHCy+b5+KKgvR4vrsD8vbvrbiQJps7fKDTkjkDry6ji0rUJjC0kzbNePLwzxq8iypo41qeWA=="
        },
        "bl": {
          "version": "4.1.0",
          "resolved": "https://registry.npmjs.org/bl/-/bl-4.1.0.tgz",
          "integrity": "sha512-1W07cM9gS6DcLperZfFSj+bWLtaPGSOHWhPiGzXmvVJbRLdG82sH/Kn8EtW1VqWVA54AKf2h5k5BbnIbwF3h6w==",
          "requires": {
            "buffer": "^5.5.0",
            "inherits": "^2.0.4",
            "readable-stream": "^3.4.0"
          }
        },
        "buffer": {
          "version": "5.7.1",
          "resolved": "https://registry.npmjs.org/buffer/-/buffer-5.7.1.tgz",
          "integrity": "sha512-EHcyIPBQ4BSGlvjB16k5KgAJ27CIsHY/2JBmCRReo48y9rQ3MaUzWX3KVlBa4U7MyX02HdVj0K7C3WaB3ju7FQ==",
          "requires": {
            "base64-js": "^1.3.1",
            "ieee754": "^1.1.13"
          }
        },
        "end-of-stream": {
          "version": "1.4.4",
          "resolved": "https://registry.npmjs.org/end-of-stream/-/end-of-stream-1.4.4.tgz",
          "integrity": "sha512-+uw1inIHVPQoaVuHzRyXd21icM+cnt4CzD5rW+NC1wjOUSTOs+Te7FOv7AhN7vS9x/oIyhLP5PR1H+phQAHu5Q==",
          "requires": {
            "once": "^1.4.0"
          }
        },
        "fast-extend": {
          "version": "1.0.2",
          "resolved": "https://registry.npmjs.org/fast-extend/-/fast-extend-1.0.2.tgz",
          "integrity": "sha512-XXA9RmlPatkFKUzqVZAFth18R4Wo+Xug/S+C7YlYA3xrXwfPlW3dqNwOb4hvQo7wZJ2cNDYhrYuPzVOfHy5/uQ=="
        },
        "fs-constants": {
          "version": "1.0.0",
          "resolved": "https://registry.npmjs.org/fs-constants/-/fs-constants-1.0.0.tgz",
          "integrity": "sha512-y6OAwoSIf7FyjMIv94u+b5rdheZEjzR63GTyZJm5qh4Bi+2YgwLCcI/fPFZkL5PSixOt6ZNKm+w+Hfp/Bciwow=="
        },
        "fs-monkey": {
          "version": "0.3.3",
          "resolved": "https://registry.npmjs.org/fs-monkey/-/fs-monkey-0.3.3.tgz",
          "integrity": "sha512-FNUvuTAJ3CqCQb5ELn+qCbGR/Zllhf2HtwsdAtBi59s1WeCjKMT81fHcSu7dwIskqGVK+MmOrb7VOBlq3/SItw=="
        },
        "ieee754": {
          "version": "1.2.1",
          "resolved": "https://registry.npmjs.org/ieee754/-/ieee754-1.2.1.tgz",
          "integrity": "sha512-dcyqhDvX1C46lXZcVqCpK+FtMRQVdIMN6/Df5js2zouUsqG7I6sFxitIC+7KYK29KdXOLHdu9zL4sFnoVQnqaA=="
        },
        "inherits": {
          "version": "2.0.4",
          "resolved": "https://registry.npmjs.org/inherits/-/inherits-2.0.4.tgz",
          "integrity": "sha512-k/vGaX4/Yla3WzyMCvTQOXYeIHvqOKtnqBduzTHpzpQZzAskKMhZ2K+EnBiSM9zGSoIFeMpXKxa4dYeZIQqewQ=="
        },
        "memfs": {
          "version": "3.0.4",
          "resolved": "https://registry.npmjs.org/memfs/-/memfs-3.0.4.tgz",
          "integrity": "sha512-OcZEzwX9E5AoY8SXjuAvw0DbIAYwUzV/I236I8Pqvrlv7sL/Y0E9aRCon05DhaV8pg1b32uxj76RgW0s5xjHBA==",
          "requires": {
            "fast-extend": "1.0.2",
            "fs-monkey": "0.3.3"
          }
        },
        "once": {
          "version": "1.4.0",
          "resolved": "https://registry.npmjs.org/once/-/once-1.4.0.tgz",
          "integrity": "sha1-WDsap3WWHUsROsF9nFC6753Xa9E=",
          "requires": {
            "wrappy": "1"
          }
        },
        "pako": {
          "version": "1.0.11",
          "resolved": "https://registry.npmjs.org/pako/-/pako-1.0.11.tgz",
          "integrity": "sha512-4hLB8Py4zZce5s4yd9XzopqwVv/yGNhV1Bl8NTmCq1763HeK2+EwVTv+leGeL13Dnh2wfbqowVPXCIO0z4taYw=="
        },
        "readable-stream": {
          "version": "3.6.0",
          "resolved": "https://registry.npmjs.org/readable-stream/-/readable-stream-3.6.0.tgz",
          "integrity": "sha512-BViHy7LKeTz4oNnkcLJ+lVSL6vpiFeX6/d3oSH8zCW7UxP2onchk+vTGB143xuFjHS3deTgkKoXXymXqymiIdA==",
          "requires": {
            "inherits": "^2.0.3",
            "string_decoder": "^1.1.1",
            "util-deprecate": "^1.0.1"
          }
        },
        "safe-buffer": {
          "version": "5.2.1",
          "resolved": "https://registry.npmjs.org/safe-buffer/-/safe-buffer-5.2.1.tgz",
          "integrity": "sha512-rp3So07KcdmmKbGvgaNxQSJr7bGVSVk5S9Eq1F+ppbRo70+YeaDxkw5Dd8NPN+GD6bjnYm2VuPuCXmpuYvmCXQ=="
        },
        "string_decoder": {
          "version": "1.3.0",
          "resolved": "https://registry.npmjs.org/string_decoder/-/string_decoder-1.3.0.tgz",
          "integrity": "sha512-hkRX8U1WjJFd8LsDJ2yQ/wWWxaopEsABU1XfkM8A+j0+85JAGppt16cr1Whg6KIbb4okU6Mql6BOj+uup/wKeA==",
          "requires": {
            "safe-buffer": "~5.2.0"
          }
        },
        "tar-stream": {
          "version": "2.2.0",
          "resolved": "https://registry.npmjs.org/tar-stream/-/tar-stream-2.2.0.tgz",
          "integrity": "sha512-ujeqbceABgwMZxEJnk2HDY2DlnUZ+9oEcb1KzTVfYHio0UE6dG71n60d8D2I4qNvleWrrXpmjpt7vZeF1LnMZQ==",
          "requires": {
            "bl": "^4.0.3",
            "end-of-stream": "^1.4.1",
            "fs-constants": "^1.0.0",
            "inherits": "^2.0.3",
            "readable-stream": "^3.1.1"
          }
        },
        "util-deprecate": {
          "version": "1.0.2",
          "resolved": "https://registry.npmjs.org/util-deprecate/-/util-deprecate-1.0.2.tgz",
          "integrity": "sha1-RQ1Nyfpw3nMnYvvS1KKJgUGaDM8="
        },
        "wrappy": {
          "version": "1.0.2",
          "resolved": "https://registry.npmjs.org/wrappy/-/wrappy-1.0.2.tgz",
          "integrity": "sha1-tSQ9jz7BqjXxNkYFvA0QNuMKtp8="
        }
      }
    },
    "array-map": {
      "version": "0.0.0",
      "resolved": "https://registry.npmjs.org/array-map/-/array-map-0.0.0.tgz",
      "integrity": "sha1-iKK6tz0c97zVwbEYoAP2b2ZfpmI="
    },
    "comlink": {
      "version": "4.2.0",
      "resolved": "https://registry.npmjs.org/comlink/-/comlink-4.2.0.tgz",
      "integrity": "sha512-33hF3yYzZicIWLREuvluTGSZkbAXYwRmrA9IYQo0/P+0O45qgvzR0FHX4tRZztObFMTs/RhnN0G0UBNDAZSiCg=="
    },
    "isarray": {
      "version": "0.0.1",
      "resolved": "https://registry.npmjs.org/isarray/-/isarray-0.0.1.tgz",
      "integrity": "sha1-ihis/Kmo9Bd+Cav8YDiTmwXR7t8="
    },
    "shell-parse": {
      "version": "0.0.2",
      "resolved": "https://registry.npmjs.org/shell-parse/-/shell-parse-0.0.2.tgz",
      "integrity": "sha1-7DdnD38yxt3qRj/2a4zg+YNVv9Y=",
      "requires": {
        "array-map": "0.0.0",
        "isarray": "0.0.1"
      }
    },
    "shell-quote": {
      "version": "1.7.2",
      "resolved": "https://registry.npmjs.org/shell-quote/-/shell-quote-1.7.2.tgz",
      "integrity": "sha512-mRz/m/JVscCrkMyPqHc/bczi3OQHkLTqXHEFu0zDhK/qfv3UcOA4SVmRCLmos4bhjr9ekVQubj/R7waKapmiQg=="
    },
    "xterm": {
      "version": "4.3.0",
      "resolved": "https://registry.npmjs.org/xterm/-/xterm-4.3.0.tgz",
      "integrity": "sha512-6dnrC4nxgnRKQzIWwC5HA0mnT9/rpDPZflUIr24gdcdSMTKM1QQcor4qQ/xz4Zerz6AIL/CuuBPypFfzsB63dQ=="
    },
    "xterm-addon-fit": {
      "version": "0.2.1",
      "resolved": "https://registry.npmjs.org/xterm-addon-fit/-/xterm-addon-fit-0.2.1.tgz",
      "integrity": "sha512-BlR57O3t1/bmVcnS81bn9ZnNf+GiGNbeXdNUKSBa9tKEwNUMcU3S+KFLIRv7rm1Ty0D5pMOu0vbz/RDorKRwKQ=="
    },
    "xterm-addon-web-links": {
      "version": "0.2.1",
      "resolved": "https://registry.npmjs.org/xterm-addon-web-links/-/xterm-addon-web-links-0.2.1.tgz",
      "integrity": "sha512-2KnHtiq0IG7hfwv3jw2/jQeH1RBk2d5CH4zvgwQe00rLofSJqSfgnJ7gwowxxpGHrpbPr6Lv4AmH/joaNw2+HQ=="
    },
    "xterm-addon-webgl": {
      "version": "0.2.1",
      "resolved": "https://registry.npmjs.org/xterm-addon-webgl/-/xterm-addon-webgl-0.2.1.tgz",
      "integrity": "sha512-MZyh/KGbOBEEOqGpgilHuKHSj0OCXiZsBedTtLesHNerc79710shUHnfBlk31ggYU9G/WJ91qoNNux3ek5QBPA=="
    }
  }
}
